// !$*UTF8*$!
{
	archiveVersion = 1;
	classes = {
	};
	objectVersion = 52;
	objects = {

/* Begin PBXBuildFile section */
		708B790CBAC310CCEDA1E977 /* Pods_practice40hTests.framework in Frameworks */ = {isa = PBXBuildFile; fileRef = 2B0D87ABCA33C986BA6B511E /* Pods_practice40hTests.framework */; };
		81A744D9FB36A47F6B77AED2 /* Pods_practice40h.framework in Frameworks */ = {isa = PBXBuildFile; fileRef = D7E27FA797AC544063EE126D /* Pods_practice40h.framework */; };
		DCC6923366C30020D323DE33 /* Pods_practice40h_practice40hUITests.framework in Frameworks */ = {isa = PBXBuildFile; fileRef = 200CBD772D5CFEC74B64F567 /* Pods_practice40h_practice40hUITests.framework */; };
		EE06944426385995007F9E26 /* AppDelegate.swift in Sources */ = {isa = PBXBuildFile; fileRef = EE06944326385995007F9E26 /* AppDelegate.swift */; };
		EE06944626385995007F9E26 /* SceneDelegate.swift in Sources */ = {isa = PBXBuildFile; fileRef = EE06944526385995007F9E26 /* SceneDelegate.swift */; };
		EE06944826385995007F9E26 /* ViewController.swift in Sources */ = {isa = PBXBuildFile; fileRef = EE06944726385995007F9E26 /* ViewController.swift */; };
		EE06944B26385995007F9E26 /* Main.storyboard in Resources */ = {isa = PBXBuildFile; fileRef = EE06944926385995007F9E26 /* Main.storyboard */; };
		EE06944D2638599D007F9E26 /* Assets.xcassets in Resources */ = {isa = PBXBuildFile; fileRef = EE06944C2638599D007F9E26 /* Assets.xcassets */; };
		EE0694502638599D007F9E26 /* LaunchScreen.storyboard in Resources */ = {isa = PBXBuildFile; fileRef = EE06944E2638599D007F9E26 /* LaunchScreen.storyboard */; };
		EE06945B2638599E007F9E26 /* practice40hTests.swift in Sources */ = {isa = PBXBuildFile; fileRef = EE06945A2638599E007F9E26 /* practice40hTests.swift */; };
		EE0694662638599E007F9E26 /* practice40hUITests.swift in Sources */ = {isa = PBXBuildFile; fileRef = EE0694652638599E007F9E26 /* practice40hUITests.swift */; };
		EEC31B51263FCB4F00736CCA /* UICircularProgressRing in Frameworks */ = {isa = PBXBuildFile; productRef = EEC31B50263FCB4F00736CCA /* UICircularProgressRing */; };
		EEC31BA126405B7400736CCA /* RoundTabBarController.swift in Sources */ = {isa = PBXBuildFile; fileRef = EEC31BA026405B7400736CCA /* RoundTabBarController.swift */; };
		EEC31BA626405BF000736CCA /* RoundTabBar.swift in Sources */ = {isa = PBXBuildFile; fileRef = EEC31BA526405BF000736CCA /* RoundTabBar.swift */; };
		EEC31BB3264060ED00736CCA /* TimeViewController.swift in Sources */ = {isa = PBXBuildFile; fileRef = EEC31BB2264060ED00736CCA /* TimeViewController.swift */; };
		EEC31BC0264065EC00736CCA /* TimerRing.swift in Sources */ = {isa = PBXBuildFile; fileRef = EEC31BBF264065EC00736CCA /* TimerRing.swift */; };
		EEC31BD22641C9DD00736CCA /* WelcomeViewController.swift in Sources */ = {isa = PBXBuildFile; fileRef = EEC31BD12641C9DD00736CCA /* WelcomeViewController.swift */; };
		EEC31BD72641D58800736CCA /* RealmModels.swift in Sources */ = {isa = PBXBuildFile; fileRef = EEC31BD62641D58800736CCA /* RealmModels.swift */; };
		EEC31BDC2641F4AD00736CCA /* UserViewController.swift in Sources */ = {isa = PBXBuildFile; fileRef = EEC31BDB2641F4AC00736CCA /* UserViewController.swift */; };
/* End PBXBuildFile section */

/* Begin PBXContainerItemProxy section */
		EE0694572638599E007F9E26 /* PBXContainerItemProxy */ = {
			isa = PBXContainerItemProxy;
			containerPortal = EE06943826385995007F9E26 /* Project object */;
			proxyType = 1;
			remoteGlobalIDString = EE06943F26385995007F9E26;
			remoteInfo = practice40h;
		};
		EE0694622638599E007F9E26 /* PBXContainerItemProxy */ = {
			isa = PBXContainerItemProxy;
			containerPortal = EE06943826385995007F9E26 /* Project object */;
			proxyType = 1;
			remoteGlobalIDString = EE06943F26385995007F9E26;
			remoteInfo = practice40h;
		};
/* End PBXContainerItemProxy section */

/* Begin PBXFileReference section */
		0F9BDEC285D250587D22BD5B /* Pods-practice40hTests.release.xcconfig */ = {isa = PBXFileReference; includeInIndex = 1; lastKnownFileType = text.xcconfig; name = "Pods-practice40hTests.release.xcconfig"; path = "Target Support Files/Pods-practice40hTests/Pods-practice40hTests.release.xcconfig"; sourceTree = "<group>"; };
		200CBD772D5CFEC74B64F567 /* Pods_practice40h_practice40hUITests.framework */ = {isa = PBXFileReference; explicitFileType = wrapper.framework; includeInIndex = 0; path = Pods_practice40h_practice40hUITests.framework; sourceTree = BUILT_PRODUCTS_DIR; };
		2B0D87ABCA33C986BA6B511E /* Pods_practice40hTests.framework */ = {isa = PBXFileReference; explicitFileType = wrapper.framework; includeInIndex = 0; path = Pods_practice40hTests.framework; sourceTree = BUILT_PRODUCTS_DIR; };
		596461FDDD93EC11B89D1B8D /* Pods-practice40h.debug.xcconfig */ = {isa = PBXFileReference; includeInIndex = 1; lastKnownFileType = text.xcconfig; name = "Pods-practice40h.debug.xcconfig"; path = "Target Support Files/Pods-practice40h/Pods-practice40h.debug.xcconfig"; sourceTree = "<group>"; };
		71E23522DB533CA887E75D19 /* Pods-practice40h.release.xcconfig */ = {isa = PBXFileReference; includeInIndex = 1; lastKnownFileType = text.xcconfig; name = "Pods-practice40h.release.xcconfig"; path = "Target Support Files/Pods-practice40h/Pods-practice40h.release.xcconfig"; sourceTree = "<group>"; };
		8E41AC64FD30FEBBBADD9E18 /* Pods-practice40hTests.debug.xcconfig */ = {isa = PBXFileReference; includeInIndex = 1; lastKnownFileType = text.xcconfig; name = "Pods-practice40hTests.debug.xcconfig"; path = "Target Support Files/Pods-practice40hTests/Pods-practice40hTests.debug.xcconfig"; sourceTree = "<group>"; };
		9D99223E1E81348FC6BD1519 /* Pods-practice40h-practice40hUITests.release.xcconfig */ = {isa = PBXFileReference; includeInIndex = 1; lastKnownFileType = text.xcconfig; name = "Pods-practice40h-practice40hUITests.release.xcconfig"; path = "Target Support Files/Pods-practice40h-practice40hUITests/Pods-practice40h-practice40hUITests.release.xcconfig"; sourceTree = "<group>"; };
		B8BFAC0B1F6E18601C117675 /* Pods-practice40h-practice40hUITests.debug.xcconfig */ = {isa = PBXFileReference; includeInIndex = 1; lastKnownFileType = text.xcconfig; name = "Pods-practice40h-practice40hUITests.debug.xcconfig"; path = "Target Support Files/Pods-practice40h-practice40hUITests/Pods-practice40h-practice40hUITests.debug.xcconfig"; sourceTree = "<group>"; };
		D7E27FA797AC544063EE126D /* Pods_practice40h.framework */ = {isa = PBXFileReference; explicitFileType = wrapper.framework; includeInIndex = 0; path = Pods_practice40h.framework; sourceTree = BUILT_PRODUCTS_DIR; };
		EE06944026385995007F9E26 /* practice40h.app */ = {isa = PBXFileReference; explicitFileType = wrapper.application; includeInIndex = 0; path = practice40h.app; sourceTree = BUILT_PRODUCTS_DIR; };
		EE06944326385995007F9E26 /* AppDelegate.swift */ = {isa = PBXFileReference; lastKnownFileType = sourcecode.swift; path = AppDelegate.swift; sourceTree = "<group>"; };
		EE06944526385995007F9E26 /* SceneDelegate.swift */ = {isa = PBXFileReference; lastKnownFileType = sourcecode.swift; path = SceneDelegate.swift; sourceTree = "<group>"; };
		EE06944726385995007F9E26 /* ViewController.swift */ = {isa = PBXFileReference; lastKnownFileType = sourcecode.swift; path = ViewController.swift; sourceTree = "<group>"; };
		EE06944A26385995007F9E26 /* Base */ = {isa = PBXFileReference; lastKnownFileType = file.storyboard; name = Base; path = Base.lproj/Main.storyboard; sourceTree = "<group>"; };
		EE06944C2638599D007F9E26 /* Assets.xcassets */ = {isa = PBXFileReference; lastKnownFileType = folder.assetcatalog; path = Assets.xcassets; sourceTree = "<group>"; };
		EE06944F2638599D007F9E26 /* Base */ = {isa = PBXFileReference; lastKnownFileType = file.storyboard; name = Base; path = Base.lproj/LaunchScreen.storyboard; sourceTree = "<group>"; };
		EE0694512638599D007F9E26 /* Info.plist */ = {isa = PBXFileReference; lastKnownFileType = text.plist.xml; path = Info.plist; sourceTree = "<group>"; };
		EE0694562638599E007F9E26 /* practice40hTests.xctest */ = {isa = PBXFileReference; explicitFileType = wrapper.cfbundle; includeInIndex = 0; path = practice40hTests.xctest; sourceTree = BUILT_PRODUCTS_DIR; };
		EE06945A2638599E007F9E26 /* practice40hTests.swift */ = {isa = PBXFileReference; lastKnownFileType = sourcecode.swift; path = practice40hTests.swift; sourceTree = "<group>"; };
		EE06945C2638599E007F9E26 /* Info.plist */ = {isa = PBXFileReference; lastKnownFileType = text.plist.xml; path = Info.plist; sourceTree = "<group>"; };
		EE0694612638599E007F9E26 /* practice40hUITests.xctest */ = {isa = PBXFileReference; explicitFileType = wrapper.cfbundle; includeInIndex = 0; path = practice40hUITests.xctest; sourceTree = BUILT_PRODUCTS_DIR; };
		EE0694652638599E007F9E26 /* practice40hUITests.swift */ = {isa = PBXFileReference; lastKnownFileType = sourcecode.swift; path = practice40hUITests.swift; sourceTree = "<group>"; };
		EE0694672638599E007F9E26 /* Info.plist */ = {isa = PBXFileReference; lastKnownFileType = text.plist.xml; path = Info.plist; sourceTree = "<group>"; };
		EEC31BA026405B7400736CCA /* RoundTabBarController.swift */ = {isa = PBXFileReference; lastKnownFileType = sourcecode.swift; path = RoundTabBarController.swift; sourceTree = "<group>"; };
		EEC31BA526405BF000736CCA /* RoundTabBar.swift */ = {isa = PBXFileReference; lastKnownFileType = sourcecode.swift; path = RoundTabBar.swift; sourceTree = "<group>"; };
		EEC31BB2264060ED00736CCA /* TimeViewController.swift */ = {isa = PBXFileReference; lastKnownFileType = sourcecode.swift; path = TimeViewController.swift; sourceTree = "<group>"; };
		EEC31BBF264065EC00736CCA /* TimerRing.swift */ = {isa = PBXFileReference; lastKnownFileType = sourcecode.swift; path = TimerRing.swift; sourceTree = "<group>"; };
		EEC31BD12641C9DD00736CCA /* WelcomeViewController.swift */ = {isa = PBXFileReference; lastKnownFileType = sourcecode.swift; path = WelcomeViewController.swift; sourceTree = "<group>"; };
		EEC31BD62641D58800736CCA /* RealmModels.swift */ = {isa = PBXFileReference; lastKnownFileType = sourcecode.swift; path = RealmModels.swift; sourceTree = "<group>"; };
		EEC31BDB2641F4AC00736CCA /* UserViewController.swift */ = {isa = PBXFileReference; lastKnownFileType = sourcecode.swift; path = UserViewController.swift; sourceTree = "<group>"; };
/* End PBXFileReference section */

/* Begin PBXFrameworksBuildPhase section */
		EE06943D26385995007F9E26 /* Frameworks */ = {
			isa = PBXFrameworksBuildPhase;
			buildActionMask = 2147483647;
			files = (
				EEC31B51263FCB4F00736CCA /* UICircularProgressRing in Frameworks */,
				81A744D9FB36A47F6B77AED2 /* Pods_practice40h.framework in Frameworks */,
			);
			runOnlyForDeploymentPostprocessing = 0;
		};
		EE0694532638599E007F9E26 /* Frameworks */ = {
			isa = PBXFrameworksBuildPhase;
			buildActionMask = 2147483647;
			files = (
				708B790CBAC310CCEDA1E977 /* Pods_practice40hTests.framework in Frameworks */,
			);
			runOnlyForDeploymentPostprocessing = 0;
		};
		EE06945E2638599E007F9E26 /* Frameworks */ = {
			isa = PBXFrameworksBuildPhase;
			buildActionMask = 2147483647;
			files = (
				DCC6923366C30020D323DE33 /* Pods_practice40h_practice40hUITests.framework in Frameworks */,
			);
			runOnlyForDeploymentPostprocessing = 0;
		};
/* End PBXFrameworksBuildPhase section */

/* Begin PBXGroup section */
		305F9B0198C8BDF2F8DB319C /* Frameworks */ = {
			isa = PBXGroup;
			children = (
				D7E27FA797AC544063EE126D /* Pods_practice40h.framework */,
				200CBD772D5CFEC74B64F567 /* Pods_practice40h_practice40hUITests.framework */,
				2B0D87ABCA33C986BA6B511E /* Pods_practice40hTests.framework */,
			);
			name = Frameworks;
			sourceTree = "<group>";
		};
		C25B8892B4C935CD9324FA21 /* Pods */ = {
			isa = PBXGroup;
			children = (
				596461FDDD93EC11B89D1B8D /* Pods-practice40h.debug.xcconfig */,
				71E23522DB533CA887E75D19 /* Pods-practice40h.release.xcconfig */,
				B8BFAC0B1F6E18601C117675 /* Pods-practice40h-practice40hUITests.debug.xcconfig */,
				9D99223E1E81348FC6BD1519 /* Pods-practice40h-practice40hUITests.release.xcconfig */,
				8E41AC64FD30FEBBBADD9E18 /* Pods-practice40hTests.debug.xcconfig */,
				0F9BDEC285D250587D22BD5B /* Pods-practice40hTests.release.xcconfig */,
			);
			path = Pods;
			sourceTree = "<group>";
		};
		EE06943726385995007F9E26 = {
			isa = PBXGroup;
			children = (
				EE06944226385995007F9E26 /* practice40h */,
				EE0694592638599E007F9E26 /* practice40hTests */,
				EE0694642638599E007F9E26 /* practice40hUITests */,
				EE06944126385995007F9E26 /* Products */,
				C25B8892B4C935CD9324FA21 /* Pods */,
				305F9B0198C8BDF2F8DB319C /* Frameworks */,
			);
			sourceTree = "<group>";
		};
		EE06944126385995007F9E26 /* Products */ = {
			isa = PBXGroup;
			children = (
				EE06944026385995007F9E26 /* practice40h.app */,
				EE0694562638599E007F9E26 /* practice40hTests.xctest */,
				EE0694612638599E007F9E26 /* practice40hUITests.xctest */,
			);
			name = Products;
			sourceTree = "<group>";
		};
		EE06944226385995007F9E26 /* practice40h */ = {
			isa = PBXGroup;
			children = (
				EE06947926385D19007F9E26 /* Supporting Files */,
				EE06947826385CF0007F9E26 /* Controller */,
				EE06947726385CE7007F9E26 /* View */,
				EE06947626385CDA007F9E26 /* Model */,
				EE06944C2638599D007F9E26 /* Assets.xcassets */,
				EE0694512638599D007F9E26 /* Info.plist */,
			);
			path = practice40h;
			sourceTree = "<group>";
		};
		EE0694592638599E007F9E26 /* practice40hTests */ = {
			isa = PBXGroup;
			children = (
				EE06945A2638599E007F9E26 /* practice40hTests.swift */,
				EE06945C2638599E007F9E26 /* Info.plist */,
			);
			path = practice40hTests;
			sourceTree = "<group>";
		};
		EE0694642638599E007F9E26 /* practice40hUITests */ = {
			isa = PBXGroup;
			children = (
				EE0694652638599E007F9E26 /* practice40hUITests.swift */,
				EE0694672638599E007F9E26 /* Info.plist */,
			);
			path = practice40hUITests;
			sourceTree = "<group>";
		};
		EE06947626385CDA007F9E26 /* Model */ = {
			isa = PBXGroup;
			children = (
				EEC31BD62641D58800736CCA /* RealmModels.swift */,
			);
			path = Model;
			sourceTree = "<group>";
		};
		EE06947726385CE7007F9E26 /* View */ = {
			isa = PBXGroup;
			children = (
				EE06944926385995007F9E26 /* Main.storyboard */,
				EE06944E2638599D007F9E26 /* LaunchScreen.storyboard */,
				EEC31BA526405BF000736CCA /* RoundTabBar.swift */,
			);
			path = View;
			sourceTree = "<group>";
		};
		EE06947826385CF0007F9E26 /* Controller */ = {
			isa = PBXGroup;
			children = (
				EE06944726385995007F9E26 /* ViewController.swift */,
				EEC31BA026405B7400736CCA /* RoundTabBarController.swift */,
				EEC31BB2264060ED00736CCA /* TimeViewController.swift */,
				EEC31BBF264065EC00736CCA /* TimerRing.swift */,
				EEC31BD12641C9DD00736CCA /* WelcomeViewController.swift */,
				EEC31BDB2641F4AC00736CCA /* UserViewController.swift */,
			);
			path = Controller;
			sourceTree = "<group>";
		};
		EE06947926385D19007F9E26 /* Supporting Files */ = {
			isa = PBXGroup;
			children = (
				EE06944526385995007F9E26 /* SceneDelegate.swift */,
				EE06944326385995007F9E26 /* AppDelegate.swift */,
			);
			path = "Supporting Files";
			sourceTree = "<group>";
		};
/* End PBXGroup section */

/* Begin PBXNativeTarget section */
		EE06943F26385995007F9E26 /* practice40h */ = {
			isa = PBXNativeTarget;
			buildConfigurationList = EE06946A2638599E007F9E26 /* Build configuration list for PBXNativeTarget "practice40h" */;
			buildPhases = (
				98F26AA618653E02ECCBC11A /* [CP] Check Pods Manifest.lock */,
				EE06943C26385995007F9E26 /* Sources */,
				EE06943D26385995007F9E26 /* Frameworks */,
				EE06943E26385995007F9E26 /* Resources */,
				1768A4B1B29E4B33D97F40B1 /* [CP] Embed Pods Frameworks */,
			);
			buildRules = (
			);
			dependencies = (
			);
			name = practice40h;
			packageProductDependencies = (
				EEC31B50263FCB4F00736CCA /* UICircularProgressRing */,
			);
			productName = practice40h;
			productReference = EE06944026385995007F9E26 /* practice40h.app */;
			productType = "com.apple.product-type.application";
		};
		EE0694552638599E007F9E26 /* practice40hTests */ = {
			isa = PBXNativeTarget;
			buildConfigurationList = EE06946D2638599E007F9E26 /* Build configuration list for PBXNativeTarget "practice40hTests" */;
			buildPhases = (
				F4B94B65C401260EDEA534E4 /* [CP] Check Pods Manifest.lock */,
				EE0694522638599E007F9E26 /* Sources */,
				EE0694532638599E007F9E26 /* Frameworks */,
				EE0694542638599E007F9E26 /* Resources */,
			);
			buildRules = (
			);
			dependencies = (
				EE0694582638599E007F9E26 /* PBXTargetDependency */,
			);
			name = practice40hTests;
			productName = practice40hTests;
			productReference = EE0694562638599E007F9E26 /* practice40hTests.xctest */;
			productType = "com.apple.product-type.bundle.unit-test";
		};
		EE0694602638599E007F9E26 /* practice40hUITests */ = {
			isa = PBXNativeTarget;
			buildConfigurationList = EE0694702638599E007F9E26 /* Build configuration list for PBXNativeTarget "practice40hUITests" */;
			buildPhases = (
				394A813EB1D8027BA4E69595 /* [CP] Check Pods Manifest.lock */,
				EE06945D2638599E007F9E26 /* Sources */,
				EE06945E2638599E007F9E26 /* Frameworks */,
				EE06945F2638599E007F9E26 /* Resources */,
				98CFF991BC31BE284A40F6E5 /* [CP] Embed Pods Frameworks */,
			);
			buildRules = (
			);
			dependencies = (
				EE0694632638599E007F9E26 /* PBXTargetDependency */,
			);
			name = practice40hUITests;
			productName = practice40hUITests;
			productReference = EE0694612638599E007F9E26 /* practice40hUITests.xctest */;
			productType = "com.apple.product-type.bundle.ui-testing";
		};
/* End PBXNativeTarget section */

/* Begin PBXProject section */
		EE06943826385995007F9E26 /* Project object */ = {
			isa = PBXProject;
			attributes = {
				LastSwiftUpdateCheck = 1230;
				LastUpgradeCheck = 1230;
				TargetAttributes = {
					EE06943F26385995007F9E26 = {
						CreatedOnToolsVersion = 12.3;
					};
					EE0694552638599E007F9E26 = {
						CreatedOnToolsVersion = 12.3;
						TestTargetID = EE06943F26385995007F9E26;
					};
					EE0694602638599E007F9E26 = {
						CreatedOnToolsVersion = 12.3;
						TestTargetID = EE06943F26385995007F9E26;
					};
				};
			};
			buildConfigurationList = EE06943B26385995007F9E26 /* Build configuration list for PBXProject "practice40h" */;
			compatibilityVersion = "Xcode 9.3";
			developmentRegion = en;
			hasScannedForEncodings = 0;
			knownRegions = (
				en,
				Base,
			);
			mainGroup = EE06943726385995007F9E26;
			packageReferences = (
				EEC31B4F263FCB4F00736CCA /* XCRemoteSwiftPackageReference "UICircularProgressRing" */,
			);
			productRefGroup = EE06944126385995007F9E26 /* Products */;
			projectDirPath = "";
			projectRoot = "";
			targets = (
				EE06943F26385995007F9E26 /* practice40h */,
				EE0694552638599E007F9E26 /* practice40hTests */,
				EE0694602638599E007F9E26 /* practice40hUITests */,
			);
		};
/* End PBXProject section */

/* Begin PBXResourcesBuildPhase section */
		EE06943E26385995007F9E26 /* Resources */ = {
			isa = PBXResourcesBuildPhase;
			buildActionMask = 2147483647;
			files = (
				EE0694502638599D007F9E26 /* LaunchScreen.storyboard in Resources */,
				EE06944D2638599D007F9E26 /* Assets.xcassets in Resources */,
				EE06944B26385995007F9E26 /* Main.storyboard in Resources */,
			);
			runOnlyForDeploymentPostprocessing = 0;
		};
		EE0694542638599E007F9E26 /* Resources */ = {
			isa = PBXResourcesBuildPhase;
			buildActionMask = 2147483647;
			files = (
			);
			runOnlyForDeploymentPostprocessing = 0;
		};
		EE06945F2638599E007F9E26 /* Resources */ = {
			isa = PBXResourcesBuildPhase;
			buildActionMask = 2147483647;
			files = (
			);
			runOnlyForDeploymentPostprocessing = 0;
		};
/* End PBXResourcesBuildPhase section */

/* Begin PBXShellScriptBuildPhase section */
		1768A4B1B29E4B33D97F40B1 /* [CP] Embed Pods Frameworks */ = {
			isa = PBXShellScriptBuildPhase;
			buildActionMask = 2147483647;
			files = (
			);
			inputFileListPaths = (
				"${PODS_ROOT}/Target Support Files/Pods-practice40h/Pods-practice40h-frameworks-${CONFIGURATION}-input-files.xcfilelist",
			);
			name = "[CP] Embed Pods Frameworks";
			outputFileListPaths = (
				"${PODS_ROOT}/Target Support Files/Pods-practice40h/Pods-practice40h-frameworks-${CONFIGURATION}-output-files.xcfilelist",
			);
			runOnlyForDeploymentPostprocessing = 0;
			shellPath = /bin/sh;
			shellScript = "\"${PODS_ROOT}/Target Support Files/Pods-practice40h/Pods-practice40h-frameworks.sh\"\n";
			showEnvVarsInLog = 0;
		};
		394A813EB1D8027BA4E69595 /* [CP] Check Pods Manifest.lock */ = {
			isa = PBXShellScriptBuildPhase;
			buildActionMask = 2147483647;
			files = (
			);
			inputFileListPaths = (
			);
			inputPaths = (
				"${PODS_PODFILE_DIR_PATH}/Podfile.lock",
				"${PODS_ROOT}/Manifest.lock",
			);
			name = "[CP] Check Pods Manifest.lock";
			outputFileListPaths = (
			);
			outputPaths = (
				"$(DERIVED_FILE_DIR)/Pods-practice40h-practice40hUITests-checkManifestLockResult.txt",
			);
			runOnlyForDeploymentPostprocessing = 0;
			shellPath = /bin/sh;
			shellScript = "diff \"${PODS_PODFILE_DIR_PATH}/Podfile.lock\" \"${PODS_ROOT}/Manifest.lock\" > /dev/null\nif [ $? != 0 ] ; then\n    # print error to STDERR\n    echo \"error: The sandbox is not in sync with the Podfile.lock. Run 'pod install' or update your CocoaPods installation.\" >&2\n    exit 1\nfi\n# This output is used by Xcode 'outputs' to avoid re-running this script phase.\necho \"SUCCESS\" > \"${SCRIPT_OUTPUT_FILE_0}\"\n";
			showEnvVarsInLog = 0;
		};
		98CFF991BC31BE284A40F6E5 /* [CP] Embed Pods Frameworks */ = {
			isa = PBXShellScriptBuildPhase;
			buildActionMask = 2147483647;
			files = (
			);
			inputFileListPaths = (
				"${PODS_ROOT}/Target Support Files/Pods-practice40h-practice40hUITests/Pods-practice40h-practice40hUITests-frameworks-${CONFIGURATION}-input-files.xcfilelist",
			);
			name = "[CP] Embed Pods Frameworks";
			outputFileListPaths = (
				"${PODS_ROOT}/Target Support Files/Pods-practice40h-practice40hUITests/Pods-practice40h-practice40hUITests-frameworks-${CONFIGURATION}-output-files.xcfilelist",
			);
			runOnlyForDeploymentPostprocessing = 0;
			shellPath = /bin/sh;
			shellScript = "\"${PODS_ROOT}/Target Support Files/Pods-practice40h-practice40hUITests/Pods-practice40h-practice40hUITests-frameworks.sh\"\n";
			showEnvVarsInLog = 0;
		};
		98F26AA618653E02ECCBC11A /* [CP] Check Pods Manifest.lock */ = {
			isa = PBXShellScriptBuildPhase;
			buildActionMask = 2147483647;
			files = (
			);
			inputFileListPaths = (
			);
			inputPaths = (
				"${PODS_PODFILE_DIR_PATH}/Podfile.lock",
				"${PODS_ROOT}/Manifest.lock",
			);
			name = "[CP] Check Pods Manifest.lock";
			outputFileListPaths = (
			);
			outputPaths = (
				"$(DERIVED_FILE_DIR)/Pods-practice40h-checkManifestLockResult.txt",
			);
			runOnlyForDeploymentPostprocessing = 0;
			shellPath = /bin/sh;
			shellScript = "diff \"${PODS_PODFILE_DIR_PATH}/Podfile.lock\" \"${PODS_ROOT}/Manifest.lock\" > /dev/null\nif [ $? != 0 ] ; then\n    # print error to STDERR\n    echo \"error: The sandbox is not in sync with the Podfile.lock. Run 'pod install' or update your CocoaPods installation.\" >&2\n    exit 1\nfi\n# This output is used by Xcode 'outputs' to avoid re-running this script phase.\necho \"SUCCESS\" > \"${SCRIPT_OUTPUT_FILE_0}\"\n";
			showEnvVarsInLog = 0;
		};
		F4B94B65C401260EDEA534E4 /* [CP] Check Pods Manifest.lock */ = {
			isa = PBXShellScriptBuildPhase;
			buildActionMask = 2147483647;
			files = (
			);
			inputFileListPaths = (
			);
			inputPaths = (
				"${PODS_PODFILE_DIR_PATH}/Podfile.lock",
				"${PODS_ROOT}/Manifest.lock",
			);
			name = "[CP] Check Pods Manifest.lock";
			outputFileListPaths = (
			);
			outputPaths = (
				"$(DERIVED_FILE_DIR)/Pods-practice40hTests-checkManifestLockResult.txt",
			);
			runOnlyForDeploymentPostprocessing = 0;
			shellPath = /bin/sh;
			shellScript = "diff \"${PODS_PODFILE_DIR_PATH}/Podfile.lock\" \"${PODS_ROOT}/Manifest.lock\" > /dev/null\nif [ $? != 0 ] ; then\n    # print error to STDERR\n    echo \"error: The sandbox is not in sync with the Podfile.lock. Run 'pod install' or update your CocoaPods installation.\" >&2\n    exit 1\nfi\n# This output is used by Xcode 'outputs' to avoid re-running this script phase.\necho \"SUCCESS\" > \"${SCRIPT_OUTPUT_FILE_0}\"\n";
			showEnvVarsInLog = 0;
		};
/* End PBXShellScriptBuildPhase section */

/* Begin PBXSourcesBuildPhase section */
		EE06943C26385995007F9E26 /* Sources */ = {
			isa = PBXSourcesBuildPhase;
			buildActionMask = 2147483647;
			files = (
				EEC31BD72641D58800736CCA /* RealmModels.swift in Sources */,
				EEC31BDC2641F4AD00736CCA /* UserViewController.swift in Sources */,
				EEC31BC0264065EC00736CCA /* TimerRing.swift in Sources */,
				EEC31BD22641C9DD00736CCA /* WelcomeViewController.swift in Sources */,
				EE06944826385995007F9E26 /* ViewController.swift in Sources */,
				EEC31BB3264060ED00736CCA /* TimeViewController.swift in Sources */,
				EE06944426385995007F9E26 /* AppDelegate.swift in Sources */,
				EEC31BA126405B7400736CCA /* RoundTabBarController.swift in Sources */,
				EEC31BA626405BF000736CCA /* RoundTabBar.swift in Sources */,
				EE06944626385995007F9E26 /* SceneDelegate.swift in Sources */,
			);
			runOnlyForDeploymentPostprocessing = 0;
		};
		EE0694522638599E007F9E26 /* Sources */ = {
			isa = PBXSourcesBuildPhase;
			buildActionMask = 2147483647;
			files = (
				EE06945B2638599E007F9E26 /* practice40hTests.swift in Sources */,
			);
			runOnlyForDeploymentPostprocessing = 0;
		};
		EE06945D2638599E007F9E26 /* Sources */ = {
			isa = PBXSourcesBuildPhase;
			buildActionMask = 2147483647;
			files = (
				EE0694662638599E007F9E26 /* practice40hUITests.swift in Sources */,
			);
			runOnlyForDeploymentPostprocessing = 0;
		};
/* End PBXSourcesBuildPhase section */

/* Begin PBXTargetDependency section */
		EE0694582638599E007F9E26 /* PBXTargetDependency */ = {
			isa = PBXTargetDependency;
			target = EE06943F26385995007F9E26 /* practice40h */;
			targetProxy = EE0694572638599E007F9E26 /* PBXContainerItemProxy */;
		};
		EE0694632638599E007F9E26 /* PBXTargetDependency */ = {
			isa = PBXTargetDependency;
			target = EE06943F26385995007F9E26 /* practice40h */;
			targetProxy = EE0694622638599E007F9E26 /* PBXContainerItemProxy */;
		};
/* End PBXTargetDependency section */

/* Begin PBXVariantGroup section */
		EE06944926385995007F9E26 /* Main.storyboard */ = {
			isa = PBXVariantGroup;
			children = (
				EE06944A26385995007F9E26 /* Base */,
			);
			name = Main.storyboard;
			sourceTree = "<group>";
		};
		EE06944E2638599D007F9E26 /* LaunchScreen.storyboard */ = {
			isa = PBXVariantGroup;
			children = (
				EE06944F2638599D007F9E26 /* Base */,
			);
			name = LaunchScreen.storyboard;
			sourceTree = "<group>";
		};
/* End PBXVariantGroup section */

/* Begin XCBuildConfiguration section */
		EE0694682638599E007F9E26 /* Debug */ = {
			isa = XCBuildConfiguration;
			buildSettings = {
				ALWAYS_SEARCH_USER_PATHS = NO;
				CLANG_ANALYZER_NONNULL = YES;
				CLANG_ANALYZER_NUMBER_OBJECT_CONVERSION = YES_AGGRESSIVE;
				CLANG_CXX_LANGUAGE_STANDARD = "gnu++14";
				CLANG_CXX_LIBRARY = "libc++";
				CLANG_ENABLE_MODULES = YES;
				CLANG_ENABLE_OBJC_ARC = YES;
				CLANG_ENABLE_OBJC_WEAK = YES;
				CLANG_WARN_BLOCK_CAPTURE_AUTORELEASING = YES;
				CLANG_WARN_BOOL_CONVERSION = YES;
				CLANG_WARN_COMMA = YES;
				CLANG_WARN_CONSTANT_CONVERSION = YES;
				CLANG_WARN_DEPRECATED_OBJC_IMPLEMENTATIONS = YES;
				CLANG_WARN_DIRECT_OBJC_ISA_USAGE = YES_ERROR;
				CLANG_WARN_DOCUMENTATION_COMMENTS = YES;
				CLANG_WARN_EMPTY_BODY = YES;
				CLANG_WARN_ENUM_CONVERSION = YES;
				CLANG_WARN_INFINITE_RECURSION = YES;
				CLANG_WARN_INT_CONVERSION = YES;
				CLANG_WARN_NON_LITERAL_NULL_CONVERSION = YES;
				CLANG_WARN_OBJC_IMPLICIT_RETAIN_SELF = YES;
				CLANG_WARN_OBJC_LITERAL_CONVERSION = YES;
				CLANG_WARN_OBJC_ROOT_CLASS = YES_ERROR;
				CLANG_WARN_QUOTED_INCLUDE_IN_FRAMEWORK_HEADER = YES;
				CLANG_WARN_RANGE_LOOP_ANALYSIS = YES;
				CLANG_WARN_STRICT_PROTOTYPES = YES;
				CLANG_WARN_SUSPICIOUS_MOVE = YES;
				CLANG_WARN_UNGUARDED_AVAILABILITY = YES_AGGRESSIVE;
				CLANG_WARN_UNREACHABLE_CODE = YES;
				CLANG_WARN__DUPLICATE_METHOD_MATCH = YES;
				COPY_PHASE_STRIP = NO;
				DEBUG_INFORMATION_FORMAT = dwarf;
				ENABLE_STRICT_OBJC_MSGSEND = YES;
				ENABLE_TESTABILITY = YES;
				GCC_C_LANGUAGE_STANDARD = gnu11;
				GCC_DYNAMIC_NO_PIC = NO;
				GCC_NO_COMMON_BLOCKS = YES;
				GCC_OPTIMIZATION_LEVEL = 0;
				GCC_PREPROCESSOR_DEFINITIONS = (
					"DEBUG=1",
					"$(inherited)",
				);
				GCC_WARN_64_TO_32_BIT_CONVERSION = YES;
				GCC_WARN_ABOUT_RETURN_TYPE = YES_ERROR;
				GCC_WARN_UNDECLARED_SELECTOR = YES;
				GCC_WARN_UNINITIALIZED_AUTOS = YES_AGGRESSIVE;
				GCC_WARN_UNUSED_FUNCTION = YES;
				GCC_WARN_UNUSED_VARIABLE = YES;
				IPHONEOS_DEPLOYMENT_TARGET = 14.3;
				MTL_ENABLE_DEBUG_INFO = INCLUDE_SOURCE;
				MTL_FAST_MATH = YES;
				ONLY_ACTIVE_ARCH = YES;
				SDKROOT = iphoneos;
				SWIFT_ACTIVE_COMPILATION_CONDITIONS = DEBUG;
				SWIFT_OPTIMIZATION_LEVEL = "-Onone";
			};
			name = Debug;
		};
		EE0694692638599E007F9E26 /* Release */ = {
			isa = XCBuildConfiguration;
			buildSettings = {
				ALWAYS_SEARCH_USER_PATHS = NO;
				CLANG_ANALYZER_NONNULL = YES;
				CLANG_ANALYZER_NUMBER_OBJECT_CONVERSION = YES_AGGRESSIVE;
				CLANG_CXX_LANGUAGE_STANDARD = "gnu++14";
				CLANG_CXX_LIBRARY = "libc++";
				CLANG_ENABLE_MODULES = YES;
				CLANG_ENABLE_OBJC_ARC = YES;
				CLANG_ENABLE_OBJC_WEAK = YES;
				CLANG_WARN_BLOCK_CAPTURE_AUTORELEASING = YES;
				CLANG_WARN_BOOL_CONVERSION = YES;
				CLANG_WARN_COMMA = YES;
				CLANG_WARN_CONSTANT_CONVERSION = YES;
				CLANG_WARN_DEPRECATED_OBJC_IMPLEMENTATIONS = YES;
				CLANG_WARN_DIRECT_OBJC_ISA_USAGE = YES_ERROR;
				CLANG_WARN_DOCUMENTATION_COMMENTS = YES;
				CLANG_WARN_EMPTY_BODY = YES;
				CLANG_WARN_ENUM_CONVERSION = YES;
				CLANG_WARN_INFINITE_RECURSION = YES;
				CLANG_WARN_INT_CONVERSION = YES;
				CLANG_WARN_NON_LITERAL_NULL_CONVERSION = YES;
				CLANG_WARN_OBJC_IMPLICIT_RETAIN_SELF = YES;
				CLANG_WARN_OBJC_LITERAL_CONVERSION = YES;
				CLANG_WARN_OBJC_ROOT_CLASS = YES_ERROR;
				CLANG_WARN_QUOTED_INCLUDE_IN_FRAMEWORK_HEADER = YES;
				CLANG_WARN_RANGE_LOOP_ANALYSIS = YES;
				CLANG_WARN_STRICT_PROTOTYPES = YES;
				CLANG_WARN_SUSPICIOUS_MOVE = YES;
				CLANG_WARN_UNGUARDED_AVAILABILITY = YES_AGGRESSIVE;
				CLANG_WARN_UNREACHABLE_CODE = YES;
				CLANG_WARN__DUPLICATE_METHOD_MATCH = YES;
				COPY_PHASE_STRIP = NO;
				DEBUG_INFORMATION_FORMAT = "dwarf-with-dsym";
				ENABLE_NS_ASSERTIONS = NO;
				ENABLE_STRICT_OBJC_MSGSEND = YES;
				GCC_C_LANGUAGE_STANDARD = gnu11;
				GCC_NO_COMMON_BLOCKS = YES;
				GCC_WARN_64_TO_32_BIT_CONVERSION = YES;
				GCC_WARN_ABOUT_RETURN_TYPE = YES_ERROR;
				GCC_WARN_UNDECLARED_SELECTOR = YES;
				GCC_WARN_UNINITIALIZED_AUTOS = YES_AGGRESSIVE;
				GCC_WARN_UNUSED_FUNCTION = YES;
				GCC_WARN_UNUSED_VARIABLE = YES;
				IPHONEOS_DEPLOYMENT_TARGET = 14.3;
				MTL_ENABLE_DEBUG_INFO = NO;
				MTL_FAST_MATH = YES;
				SDKROOT = iphoneos;
				SWIFT_COMPILATION_MODE = wholemodule;
				SWIFT_OPTIMIZATION_LEVEL = "-O";
				VALIDATE_PRODUCT = YES;
			};
			name = Release;
		};
		EE06946B2638599E007F9E26 /* Debug */ = {
			isa = XCBuildConfiguration;
			baseConfigurationReference = 596461FDDD93EC11B89D1B8D /* Pods-practice40h.debug.xcconfig */;
			buildSettings = {
				ASSETCATALOG_COMPILER_APPICON_NAME = AppIcon;
				ASSETCATALOG_COMPILER_GLOBAL_ACCENT_COLOR_NAME = AccentColor;
				CODE_SIGN_STYLE = Automatic;
				DEVELOPMENT_TEAM = 793CGAK3AA;
				INFOPLIST_FILE = practice40h/Info.plist;
				LD_RUNPATH_SEARCH_PATHS = (
					"$(inherited)",
					"@executable_path/Frameworks",
				);
				PRODUCT_BUNDLE_IDENTIFIER = edu.usc.practice40h;
				PRODUCT_NAME = "$(TARGET_NAME)";
				SWIFT_VERSION = 5.0;
				TARGETED_DEVICE_FAMILY = "1,2";
			};
			name = Debug;
		};
		EE06946C2638599E007F9E26 /* Release */ = {
			isa = XCBuildConfiguration;
			baseConfigurationReference = 71E23522DB533CA887E75D19 /* Pods-practice40h.release.xcconfig */;
			buildSettings = {
				ASSETCATALOG_COMPILER_APPICON_NAME = AppIcon;
				ASSETCATALOG_COMPILER_GLOBAL_ACCENT_COLOR_NAME = AccentColor;
				CODE_SIGN_STYLE = Automatic;
				DEVELOPMENT_TEAM = 793CGAK3AA;
				INFOPLIST_FILE = practice40h/Info.plist;
				LD_RUNPATH_SEARCH_PATHS = (
					"$(inherited)",
					"@executable_path/Frameworks",
				);
				PRODUCT_BUNDLE_IDENTIFIER = edu.usc.practice40h;
				PRODUCT_NAME = "$(TARGET_NAME)";
				SWIFT_VERSION = 5.0;
				TARGETED_DEVICE_FAMILY = "1,2";
			};
			name = Release;
		};
		EE06946E2638599E007F9E26 /* Debug */ = {
			isa = XCBuildConfiguration;
			baseConfigurationReference = 8E41AC64FD30FEBBBADD9E18 /* Pods-practice40hTests.debug.xcconfig */;
			buildSettings = {
				ALWAYS_EMBED_SWIFT_STANDARD_LIBRARIES = YES;
				BUNDLE_LOADER = "$(TEST_HOST)";
				CODE_SIGN_STYLE = Automatic;
				DEVELOPMENT_TEAM = 793CGAK3AA;
				INFOPLIST_FILE = practice40hTests/Info.plist;
				IPHONEOS_DEPLOYMENT_TARGET = 14.3;
				LD_RUNPATH_SEARCH_PATHS = (
					"$(inherited)",
					"@executable_path/Frameworks",
					"@loader_path/Frameworks",
				);
				PRODUCT_BUNDLE_IDENTIFIER = edu.usc.practice40hTests;
				PRODUCT_NAME = "$(TARGET_NAME)";
				SWIFT_VERSION = 5.0;
				TARGETED_DEVICE_FAMILY = "1,2";
				TEST_HOST = "$(BUILT_PRODUCTS_DIR)/practice40h.app/practice40h";
			};
			name = Debug;
		};
		EE06946F2638599E007F9E26 /* Release */ = {
			isa = XCBuildConfiguration;
			baseConfigurationReference = 0F9BDEC285D250587D22BD5B /* Pods-practice40hTests.release.xcconfig */;
			buildSettings = {
				ALWAYS_EMBED_SWIFT_STANDARD_LIBRARIES = YES;
				BUNDLE_LOADER = "$(TEST_HOST)";
				CODE_SIGN_STYLE = Automatic;
				DEVELOPMENT_TEAM = 793CGAK3AA;
				INFOPLIST_FILE = practice40hTests/Info.plist;
				IPHONEOS_DEPLOYMENT_TARGET = 14.3;
				LD_RUNPATH_SEARCH_PATHS = (
					"$(inherited)",
					"@executable_path/Frameworks",
					"@loader_path/Frameworks",
				);
				PRODUCT_BUNDLE_IDENTIFIER = edu.usc.practice40hTests;
				PRODUCT_NAME = "$(TARGET_NAME)";
				SWIFT_VERSION = 5.0;
				TARGETED_DEVICE_FAMILY = "1,2";
				TEST_HOST = "$(BUILT_PRODUCTS_DIR)/practice40h.app/practice40h";
			};
			name = Release;
		};
		EE0694712638599E007F9E26 /* Debug */ = {
			isa = XCBuildConfiguration;
			baseConfigurationReference = B8BFAC0B1F6E18601C117675 /* Pods-practice40h-practice40hUITests.debug.xcconfig */;
			buildSettings = {
				ALWAYS_EMBED_SWIFT_STANDARD_LIBRARIES = YES;
				CODE_SIGN_STYLE = Automatic;
				DEVELOPMENT_TEAM = 793CGAK3AA;
				INFOPLIST_FILE = practice40hUITests/Info.plist;
				LD_RUNPATH_SEARCH_PATHS = (
					"$(inherited)",
					"@executable_path/Frameworks",
					"@loader_path/Frameworks",
				);
				PRODUCT_BUNDLE_IDENTIFIER = edu.usc.practice40hUITests;
				PRODUCT_NAME = "$(TARGET_NAME)";
				SWIFT_VERSION = 5.0;
				TARGETED_DEVICE_FAMILY = "1,2";
				TEST_TARGET_NAME = practice40h;
			};
			name = Debug;
		};
		EE0694722638599E007F9E26 /* Release */ = {
			isa = XCBuildConfiguration;
			baseConfigurationReference = 9D99223E1E81348FC6BD1519 /* Pods-practice40h-practice40hUITests.release.xcconfig */;
			buildSettings = {
				ALWAYS_EMBED_SWIFT_STANDARD_LIBRARIES = YES;
				CODE_SIGN_STYLE = Automatic;
				DEVELOPMENT_TEAM = 793CGAK3AA;
				INFOPLIST_FILE = practice40hUITests/Info.plist;
				LD_RUNPATH_SEARCH_PATHS = (
					"$(inherited)",
					"@executable_path/Frameworks",
					"@loader_path/Frameworks",
				);
				PRODUCT_BUNDLE_IDENTIFIER = edu.usc.practice40hUITests;
				PRODUCT_NAME = "$(TARGET_NAME)";
				SWIFT_VERSION = 5.0;
				TARGETED_DEVICE_FAMILY = "1,2";
				TEST_TARGET_NAME = practice40h;
			};
			name = Release;
		};
/* End XCBuildConfiguration section */

/* Begin XCConfigurationList section */
		EE06943B26385995007F9E26 /* Build configuration list for PBXProject "practice40h" */ = {
			isa = XCConfigurationList;
			buildConfigurations = (
				EE0694682638599E007F9E26 /* Debug */,
				EE0694692638599E007F9E26 /* Release */,
			);
			defaultConfigurationIsVisible = 0;
			defaultConfigurationName = Release;
		};
		EE06946A2638599E007F9E26 /* Build configuration list for PBXNativeTarget "practice40h" */ = {
			isa = XCConfigurationList;
			buildConfigurations = (
				EE06946B2638599E007F9E26 /* Debug */,
				EE06946C2638599E007F9E26 /* Release */,
			);
			defaultConfigurationIsVisible = 0;
			defaultConfigurationName = Release;
		};
		EE06946D2638599E007F9E26 /* Build configuration list for PBXNativeTarget "practice40hTests" */ = {
			isa = XCConfigurationList;
			buildConfigurations = (
				EE06946E2638599E007F9E26 /* Debug */,
				EE06946F2638599E007F9E26 /* Release */,
			);
			defaultConfigurationIsVisible = 0;
			defaultConfigurationName = Release;
		};
		EE0694702638599E007F9E26 /* Build configuration list for PBXNativeTarget "practice40hUITests" */ = {
			isa = XCConfigurationList;
			buildConfigurations = (
				EE0694712638599E007F9E26 /* Debug */,
				EE0694722638599E007F9E26 /* Release */,
			);
			defaultConfigurationIsVisible = 0;
			defaultConfigurationName = Release;
		};
/* End XCConfigurationList section */

/* Begin XCRemoteSwiftPackageReference section */
		EEC31B4F263FCB4F00736CCA /* XCRemoteSwiftPackageReference "UICircularProgressRing" */ = {
			isa = XCRemoteSwiftPackageReference;
			repositoryURL = "https://github.com/luispadron/UICircularProgressRing.git";
			requirement = {
				kind = upToNextMajorVersion;
				minimumVersion = 8.0.0;
			};
		};
/* End XCRemoteSwiftPackageReference section */

/* Begin XCSwiftPackageProductDependency section */
		EEC31B50263FCB4F00736CCA /* UICircularProgressRing */ = {
			isa = XCSwiftPackageProductDependency;
			package = EEC31B4F263FCB4F00736CCA /* XCRemoteSwiftPackageReference "UICircularProgressRing" */;
			productName = UICircularProgressRing;
		};
/* End XCSwiftPackageProductDependency section */
	};
	rootObject = EE06943826385995007F9E26 /* Project object */;
}
